// !$*UTF8*$!
{
	archiveVersion = 1;
	classes = {
	};
	objectVersion = 46;
	objects = {

/* Begin PBXBuildFile section */
		BC8C488B1E3B2163005845A7 /* AppDelegate.swift in Sources */ = {isa = PBXBuildFile; fileRef = BC8C488A1E3B2163005845A7 /* AppDelegate.swift */; };
		BC8C48921E3B2163005845A7 /* Assets.xcassets in Resources */ = {isa = PBXBuildFile; fileRef = BC8C48911E3B2163005845A7 /* Assets.xcassets */; };
		BC8C48951E3B2163005845A7 /* LaunchScreen.storyboard in Resources */ = {isa = PBXBuildFile; fileRef = BC8C48931E3B2163005845A7 /* LaunchScreen.storyboard */; };
		BC8C48AB1E3B2163005845A7 /* ios_pinterest_ui_mvcUITests.swift in Sources */ = {isa = PBXBuildFile; fileRef = BC8C48AA1E3B2163005845A7 /* ios_pinterest_ui_mvcUITests.swift */; };
		BC8C48B91E3B21DE005845A7 /* photos.plist in Resources */ = {isa = PBXBuildFile; fileRef = BC8C48B81E3B21DE005845A7 /* photos.plist */; };
		BC8C48BD1E3B22F9005845A7 /* Photo.swift in Sources */ = {isa = PBXBuildFile; fileRef = BC8C48BC1E3B22F9005845A7 /* Photo.swift */; };
		BC8C48BF1E3B2337005845A7 /* PhotoDataSource.swift in Sources */ = {isa = PBXBuildFile; fileRef = BC8C48BE1E3B2337005845A7 /* PhotoDataSource.swift */; };
		BC8C48C21E3B2405005845A7 /* PhotoDataSourceTests.swift in Sources */ = {isa = PBXBuildFile; fileRef = BC8C48C11E3B2405005845A7 /* PhotoDataSourceTests.swift */; };
		BC8C48C51E3B2694005845A7 /* PhotoListProvider.swift in Sources */ = {isa = PBXBuildFile; fileRef = BC8C48C41E3B2694005845A7 /* PhotoListProvider.swift */; };
		BC8C48C71E3B26C7005845A7 /* PhotoListCell.swift in Sources */ = {isa = PBXBuildFile; fileRef = BC8C48C61E3B26C7005845A7 /* PhotoListCell.swift */; };
		BC8C48C91E3B26F8005845A7 /* PinterestLayout.swift in Sources */ = {isa = PBXBuildFile; fileRef = BC8C48C81E3B26F8005845A7 /* PinterestLayout.swift */; };
		BC8C48D11E3B2820005845A7 /* PhotoList.storyboard in Resources */ = {isa = PBXBuildFile; fileRef = BC8C48CF1E3B2820005845A7 /* PhotoList.storyboard */; };
		BC8C48D21E3B2820005845A7 /* PhotoListViewController.swift in Sources */ = {isa = PBXBuildFile; fileRef = BC8C48D01E3B2820005845A7 /* PhotoListViewController.swift */; };
		BC8C48D51E3B3310005845A7 /* PhotoListProviderTests.swift in Sources */ = {isa = PBXBuildFile; fileRef = BC8C48D41E3B3310005845A7 /* PhotoListProviderTests.swift */; };
		BC8C48D81E3B3756005845A7 /* PhotoListViewControllerTests.swift in Sources */ = {isa = PBXBuildFile; fileRef = BC8C48D71E3B3756005845A7 /* PhotoListViewControllerTests.swift */; };
/* End PBXBuildFile section */

/* Begin PBXContainerItemProxy section */
		BC8C489C1E3B2163005845A7 /* PBXContainerItemProxy */ = {
			isa = PBXContainerItemProxy;
			containerPortal = BC8C487F1E3B2163005845A7 /* Project object */;
			proxyType = 1;
			remoteGlobalIDString = BC8C48861E3B2163005845A7;
			remoteInfo = "ios-pinterest-ui-mvc";
		};
		BC8C48A71E3B2163005845A7 /* PBXContainerItemProxy */ = {
			isa = PBXContainerItemProxy;
			containerPortal = BC8C487F1E3B2163005845A7 /* Project object */;
			proxyType = 1;
			remoteGlobalIDString = BC8C48861E3B2163005845A7;
			remoteInfo = "ios-pinterest-ui-mvc";
		};
/* End PBXContainerItemProxy section */

/* Begin PBXFileReference section */
		BC8C48871E3B2163005845A7 /* ios-pinterest-ui-mvc.app */ = {isa = PBXFileReference; explicitFileType = wrapper.application; includeInIndex = 0; path = "ios-pinterest-ui-mvc.app"; sourceTree = BUILT_PRODUCTS_DIR; };
		BC8C488A1E3B2163005845A7 /* AppDelegate.swift */ = {isa = PBXFileReference; lastKnownFileType = sourcecode.swift; path = AppDelegate.swift; sourceTree = "<group>"; };
		BC8C48911E3B2163005845A7 /* Assets.xcassets */ = {isa = PBXFileReference; lastKnownFileType = folder.assetcatalog; path = Assets.xcassets; sourceTree = "<group>"; };
		BC8C48941E3B2163005845A7 /* Base */ = {isa = PBXFileReference; lastKnownFileType = file.storyboard; name = Base; path = Base.lproj/LaunchScreen.storyboard; sourceTree = "<group>"; };
		BC8C48961E3B2163005845A7 /* Info.plist */ = {isa = PBXFileReference; lastKnownFileType = text.plist.xml; path = Info.plist; sourceTree = "<group>"; };
		BC8C489B1E3B2163005845A7 /* ios-pinterest-ui-mvcTests.xctest */ = {isa = PBXFileReference; explicitFileType = wrapper.cfbundle; includeInIndex = 0; path = "ios-pinterest-ui-mvcTests.xctest"; sourceTree = BUILT_PRODUCTS_DIR; };
		BC8C48A11E3B2163005845A7 /* Info.plist */ = {isa = PBXFileReference; lastKnownFileType = text.plist.xml; path = Info.plist; sourceTree = "<group>"; };
		BC8C48A61E3B2163005845A7 /* ios-pinterest-ui-mvcUITests.xctest */ = {isa = PBXFileReference; explicitFileType = wrapper.cfbundle; includeInIndex = 0; path = "ios-pinterest-ui-mvcUITests.xctest"; sourceTree = BUILT_PRODUCTS_DIR; };
		BC8C48AA1E3B2163005845A7 /* ios_pinterest_ui_mvcUITests.swift */ = {isa = PBXFileReference; lastKnownFileType = sourcecode.swift; path = ios_pinterest_ui_mvcUITests.swift; sourceTree = "<group>"; };
		BC8C48AC1E3B2163005845A7 /* Info.plist */ = {isa = PBXFileReference; lastKnownFileType = text.plist.xml; path = Info.plist; sourceTree = "<group>"; };
		BC8C48B81E3B21DE005845A7 /* photos.plist */ = {isa = PBXFileReference; fileEncoding = 4; lastKnownFileType = text.plist.xml; path = photos.plist; sourceTree = "<group>"; };
		BC8C48BC1E3B22F9005845A7 /* Photo.swift */ = {isa = PBXFileReference; fileEncoding = 4; lastKnownFileType = sourcecode.swift; path = Photo.swift; sourceTree = "<group>"; };
		BC8C48BE1E3B2337005845A7 /* PhotoDataSource.swift */ = {isa = PBXFileReference; fileEncoding = 4; lastKnownFileType = sourcecode.swift; path = PhotoDataSource.swift; sourceTree = "<group>"; };
		BC8C48C11E3B2405005845A7 /* PhotoDataSourceTests.swift */ = {isa = PBXFileReference; fileEncoding = 4; lastKnownFileType = sourcecode.swift; path = PhotoDataSourceTests.swift; sourceTree = "<group>"; };
		BC8C48C41E3B2694005845A7 /* PhotoListProvider.swift */ = {isa = PBXFileReference; fileEncoding = 4; lastKnownFileType = sourcecode.swift; path = PhotoListProvider.swift; sourceTree = "<group>"; };
		BC8C48C61E3B26C7005845A7 /* PhotoListCell.swift */ = {isa = PBXFileReference; fileEncoding = 4; lastKnownFileType = sourcecode.swift; path = PhotoListCell.swift; sourceTree = "<group>"; };
		BC8C48C81E3B26F8005845A7 /* PinterestLayout.swift */ = {isa = PBXFileReference; fileEncoding = 4; lastKnownFileType = sourcecode.swift; path = PinterestLayout.swift; sourceTree = "<group>"; };
		BC8C48CF1E3B2820005845A7 /* PhotoList.storyboard */ = {isa = PBXFileReference; fileEncoding = 4; lastKnownFileType = file.storyboard; path = PhotoList.storyboard; sourceTree = "<group>"; };
		BC8C48D01E3B2820005845A7 /* PhotoListViewController.swift */ = {isa = PBXFileReference; fileEncoding = 4; lastKnownFileType = sourcecode.swift; path = PhotoListViewController.swift; sourceTree = "<group>"; };
		BC8C48D41E3B3310005845A7 /* PhotoListProviderTests.swift */ = {isa = PBXFileReference; fileEncoding = 4; lastKnownFileType = sourcecode.swift; path = PhotoListProviderTests.swift; sourceTree = "<group>"; };
		BC8C48D71E3B3756005845A7 /* PhotoListViewControllerTests.swift */ = {isa = PBXFileReference; fileEncoding = 4; lastKnownFileType = sourcecode.swift; name = PhotoListViewControllerTests.swift; path = PhotoListViewControllerTests.swift; sourceTree = "<group>"; };
/* End PBXFileReference section */

/* Begin PBXFrameworksBuildPhase section */
		BC8C48841E3B2163005845A7 /* Frameworks */ = {
			isa = PBXFrameworksBuildPhase;
			buildActionMask = 2147483647;
			files = (
			);
			runOnlyForDeploymentPostprocessing = 0;
		};
		BC8C48981E3B2163005845A7 /* Frameworks */ = {
			isa = PBXFrameworksBuildPhase;
			buildActionMask = 2147483647;
			files = (
			);
			runOnlyForDeploymentPostprocessing = 0;
		};
		BC8C48A31E3B2163005845A7 /* Frameworks */ = {
			isa = PBXFrameworksBuildPhase;
			buildActionMask = 2147483647;
			files = (
			);
			runOnlyForDeploymentPostprocessing = 0;
		};
/* End PBXFrameworksBuildPhase section */

/* Begin PBXGroup section */
		BC8C487E1E3B2163005845A7 = {
			isa = PBXGroup;
			children = (
				BC8C48881E3B2163005845A7 /* Products */,
				BC8C48891E3B2163005845A7 /* ios-pinterest-ui-mvc */,
				BC8C489E1E3B2163005845A7 /* ios-pinterest-ui-mvcTests */,
				BC8C48A91E3B2163005845A7 /* ios-pinterest-ui-mvcUITests */,
			);
			sourceTree = "<group>";
		};
		BC8C48881E3B2163005845A7 /* Products */ = {
			isa = PBXGroup;
			children = (
				BC8C48871E3B2163005845A7 /* ios-pinterest-ui-mvc.app */,
				BC8C489B1E3B2163005845A7 /* ios-pinterest-ui-mvcTests.xctest */,
				BC8C48A61E3B2163005845A7 /* ios-pinterest-ui-mvcUITests.xctest */,
			);
			name = Products;
			sourceTree = "<group>";
		};
		BC8C48891E3B2163005845A7 /* ios-pinterest-ui-mvc */ = {
			isa = PBXGroup;
			children = (
				BC8C48D31E3B2823005845A7 /* Controllers */,
				BC8C48BB1E3B22EB005845A7 /* Models */,
				BC8C48BA1E3B21E3005845A7 /* Others */,
				BC8C48C31E3B2674005845A7 /* Views */,
				BC8C48961E3B2163005845A7 /* Info.plist */,
			);
			path = "ios-pinterest-ui-mvc";
			sourceTree = "<group>";
		};
		BC8C489E1E3B2163005845A7 /* ios-pinterest-ui-mvcTests */ = {
			isa = PBXGroup;
			children = (
				BC8C48D61E3B373A005845A7 /* Controllers */,
				BC8C48C01E3B23EF005845A7 /* Models */,
				BC8C48CA1E3B277D005845A7 /* Views */,
				BC8C48A11E3B2163005845A7 /* Info.plist */,
			);
			path = "ios-pinterest-ui-mvcTests";
			sourceTree = "<group>";
		};
		BC8C48A91E3B2163005845A7 /* ios-pinterest-ui-mvcUITests */ = {
			isa = PBXGroup;
			children = (
				BC8C48AC1E3B2163005845A7 /* Info.plist */,
				BC8C48AA1E3B2163005845A7 /* ios_pinterest_ui_mvcUITests.swift */,
			);
			path = "ios-pinterest-ui-mvcUITests";
			sourceTree = "<group>";
		};
		BC8C48BA1E3B21E3005845A7 /* Others */ = {
			isa = PBXGroup;
			children = (
				BC8C488A1E3B2163005845A7 /* AppDelegate.swift */,
				BC8C48911E3B2163005845A7 /* Assets.xcassets */,
				BC8C48B81E3B21DE005845A7 /* photos.plist */,
			);
			path = Others;
			sourceTree = "<group>";
		};
		BC8C48BB1E3B22EB005845A7 /* Models */ = {
			isa = PBXGroup;
			children = (
				BC8C48BC1E3B22F9005845A7 /* Photo.swift */,
				BC8C48BE1E3B2337005845A7 /* PhotoDataSource.swift */,
			);
			path = Models;
			sourceTree = "<group>";
		};
		BC8C48C01E3B23EF005845A7 /* Models */ = {
			isa = PBXGroup;
			children = (
				BC8C48C11E3B2405005845A7 /* PhotoDataSourceTests.swift */,
			);
			path = Models;
			sourceTree = "<group>";
		};
		BC8C48C31E3B2674005845A7 /* Views */ = {
			isa = PBXGroup;
			children = (
				BC8C48C61E3B26C7005845A7 /* PhotoListCell.swift */,
				BC8C48C41E3B2694005845A7 /* PhotoListProvider.swift */,
				BC8C48C81E3B26F8005845A7 /* PinterestLayout.swift */,
			);
			path = Views;
			sourceTree = "<group>";
		};
		BC8C48CA1E3B277D005845A7 /* Views */ = {
			isa = PBXGroup;
			children = (
				BC8C48D41E3B3310005845A7 /* PhotoListProviderTests.swift */,
			);
			path = Views;
			sourceTree = "<group>";
		};
		BC8C48D31E3B2823005845A7 /* Controllers */ = {
			isa = PBXGroup;
			children = (
				BC8C48931E3B2163005845A7 /* LaunchScreen.storyboard */,
				BC8C48CF1E3B2820005845A7 /* PhotoList.storyboard */,
				BC8C48D01E3B2820005845A7 /* PhotoListViewController.swift */,
			);
			path = Controllers;
			sourceTree = "<group>";
		};
		BC8C48D61E3B373A005845A7 /* Controllers */ = {
			isa = PBXGroup;
			children = (
				BC8C48D71E3B3756005845A7 /* PhotoListViewControllerTests.swift */,
			);
			name = Controllers;
			path = Controllers;
			sourceTree = "<group>";
		};
/* End PBXGroup section */

/* Begin PBXNativeTarget section */
		BC8C48861E3B2163005845A7 /* ios-pinterest-ui-mvc */ = {
			isa = PBXNativeTarget;
			buildConfigurationList = BC8C48AF1E3B2163005845A7 /* Build configuration list for PBXNativeTarget "ios-pinterest-ui-mvc" */;
			buildPhases = (
				BC8C48831E3B2163005845A7 /* Sources */,
				BC8C48841E3B2163005845A7 /* Frameworks */,
				BC8C48851E3B2163005845A7 /* Resources */,
			);
			buildRules = (
			);
			dependencies = (
			);
			name = "ios-pinterest-ui-mvc";
			productName = "ios-pinterest-ui-mvc";
			productReference = BC8C48871E3B2163005845A7 /* ios-pinterest-ui-mvc.app */;
			productType = "com.apple.product-type.application";
		};
		BC8C489A1E3B2163005845A7 /* ios-pinterest-ui-mvcTests */ = {
			isa = PBXNativeTarget;
			buildConfigurationList = BC8C48B21E3B2163005845A7 /* Build configuration list for PBXNativeTarget "ios-pinterest-ui-mvcTests" */;
			buildPhases = (
				BC8C48971E3B2163005845A7 /* Sources */,
				BC8C48981E3B2163005845A7 /* Frameworks */,
				BC8C48991E3B2163005845A7 /* Resources */,
			);
			buildRules = (
			);
			dependencies = (
				BC8C489D1E3B2163005845A7 /* PBXTargetDependency */,
			);
			name = "ios-pinterest-ui-mvcTests";
			productName = "ios-pinterest-ui-mvcTests";
			productReference = BC8C489B1E3B2163005845A7 /* ios-pinterest-ui-mvcTests.xctest */;
			productType = "com.apple.product-type.bundle.unit-test";
		};
		BC8C48A51E3B2163005845A7 /* ios-pinterest-ui-mvcUITests */ = {
			isa = PBXNativeTarget;
			buildConfigurationList = BC8C48B51E3B2163005845A7 /* Build configuration list for PBXNativeTarget "ios-pinterest-ui-mvcUITests" */;
			buildPhases = (
				BC8C48A21E3B2163005845A7 /* Sources */,
				BC8C48A31E3B2163005845A7 /* Frameworks */,
				BC8C48A41E3B2163005845A7 /* Resources */,
			);
			buildRules = (
			);
			dependencies = (
				BC8C48A81E3B2163005845A7 /* PBXTargetDependency */,
			);
			name = "ios-pinterest-ui-mvcUITests";
			productName = "ios-pinterest-ui-mvcUITests";
			productReference = BC8C48A61E3B2163005845A7 /* ios-pinterest-ui-mvcUITests.xctest */;
			productType = "com.apple.product-type.bundle.ui-testing";
		};
/* End PBXNativeTarget section */

/* Begin PBXProject section */
		BC8C487F1E3B2163005845A7 /* Project object */ = {
			isa = PBXProject;
			attributes = {
				LastSwiftUpdateCheck = 0820;
				LastUpgradeCheck = 0820;
				ORGANIZATIONNAME = "Eiji Kushida";
				TargetAttributes = {
					BC8C48861E3B2163005845A7 = {
						CreatedOnToolsVersion = 8.2.1;
						ProvisioningStyle = Automatic;
					};
					BC8C489A1E3B2163005845A7 = {
						CreatedOnToolsVersion = 8.2.1;
						ProvisioningStyle = Automatic;
						TestTargetID = BC8C48861E3B2163005845A7;
					};
					BC8C48A51E3B2163005845A7 = {
						CreatedOnToolsVersion = 8.2.1;
						ProvisioningStyle = Automatic;
						TestTargetID = BC8C48861E3B2163005845A7;
					};
				};
			};
			buildConfigurationList = BC8C48821E3B2163005845A7 /* Build configuration list for PBXProject "ios-pinterest-ui-mvc" */;
			compatibilityVersion = "Xcode 3.2";
			developmentRegion = English;
			hasScannedForEncodings = 0;
			knownRegions = (
				en,
				Base,
			);
			mainGroup = BC8C487E1E3B2163005845A7;
			productRefGroup = BC8C48881E3B2163005845A7 /* Products */;
			projectDirPath = "";
			projectRoot = "";
			targets = (
				BC8C48861E3B2163005845A7 /* ios-pinterest-ui-mvc */,
				BC8C489A1E3B2163005845A7 /* ios-pinterest-ui-mvcTests */,
				BC8C48A51E3B2163005845A7 /* ios-pinterest-ui-mvcUITests */,
			);
		};
/* End PBXProject section */

/* Begin PBXResourcesBuildPhase section */
		BC8C48851E3B2163005845A7 /* Resources */ = {
			isa = PBXResourcesBuildPhase;
			buildActionMask = 2147483647;
			files = (
				BC8C48951E3B2163005845A7 /* LaunchScreen.storyboard in Resources */,
				BC8C48921E3B2163005845A7 /* Assets.xcassets in Resources */,
				BC8C48B91E3B21DE005845A7 /* photos.plist in Resources */,
				BC8C48D11E3B2820005845A7 /* PhotoList.storyboard in Resources */,
			);
			runOnlyForDeploymentPostprocessing = 0;
		};
		BC8C48991E3B2163005845A7 /* Resources */ = {
			isa = PBXResourcesBuildPhase;
			buildActionMask = 2147483647;
			files = (
			);
			runOnlyForDeploymentPostprocessing = 0;
		};
		BC8C48A41E3B2163005845A7 /* Resources */ = {
			isa = PBXResourcesBuildPhase;
			buildActionMask = 2147483647;
			files = (
			);
			runOnlyForDeploymentPostprocessing = 0;
		};
/* End PBXResourcesBuildPhase section */

/* Begin PBXSourcesBuildPhase section */
		BC8C48831E3B2163005845A7 /* Sources */ = {
			isa = PBXSourcesBuildPhase;
			buildActionMask = 2147483647;
			files = (
				BC8C48BD1E3B22F9005845A7 /* Photo.swift in Sources */,
				BC8C48BF1E3B2337005845A7 /* PhotoDataSource.swift in Sources */,
				BC8C48C91E3B26F8005845A7 /* PinterestLayout.swift in Sources */,
				BC8C48C51E3B2694005845A7 /* PhotoListProvider.swift in Sources */,
				BC8C48D21E3B2820005845A7 /* PhotoListViewController.swift in Sources */,
				BC8C48C71E3B26C7005845A7 /* PhotoListCell.swift in Sources */,
				BC8C488B1E3B2163005845A7 /* AppDelegate.swift in Sources */,
			);
			runOnlyForDeploymentPostprocessing = 0;
		};
		BC8C48971E3B2163005845A7 /* Sources */ = {
			isa = PBXSourcesBuildPhase;
			buildActionMask = 2147483647;
			files = (
				BC8C48D81E3B3756005845A7 /* PhotoListViewControllerTests.swift in Sources */,
				BC8C48C21E3B2405005845A7 /* PhotoDataSourceTests.swift in Sources */,
				BC8C48D51E3B3310005845A7 /* PhotoListProviderTests.swift in Sources */,
			);
			runOnlyForDeploymentPostprocessing = 0;
		};
		BC8C48A21E3B2163005845A7 /* Sources */ = {
			isa = PBXSourcesBuildPhase;
			buildActionMask = 2147483647;
			files = (
				BC8C48AB1E3B2163005845A7 /* ios_pinterest_ui_mvcUITests.swift in Sources */,
			);
			runOnlyForDeploymentPostprocessing = 0;
		};
/* End PBXSourcesBuildPhase section */

/* Begin PBXTargetDependency section */
		BC8C489D1E3B2163005845A7 /* PBXTargetDependency */ = {
			isa = PBXTargetDependency;
			target = BC8C48861E3B2163005845A7 /* ios-pinterest-ui-mvc */;
			targetProxy = BC8C489C1E3B2163005845A7 /* PBXContainerItemProxy */;
		};
		BC8C48A81E3B2163005845A7 /* PBXTargetDependency */ = {
			isa = PBXTargetDependency;
			target = BC8C48861E3B2163005845A7 /* ios-pinterest-ui-mvc */;
			targetProxy = BC8C48A71E3B2163005845A7 /* PBXContainerItemProxy */;
		};
/* End PBXTargetDependency section */

/* Begin PBXVariantGroup section */
		BC8C48931E3B2163005845A7 /* LaunchScreen.storyboard */ = {
			isa = PBXVariantGroup;
			children = (
				BC8C48941E3B2163005845A7 /* Base */,
			);
			name = LaunchScreen.storyboard;
			path = .;
			sourceTree = "<group>";
		};
/* End PBXVariantGroup section */

/* Begin XCBuildConfiguration section */
		BC8C48AD1E3B2163005845A7 /* Debug */ = {
			isa = XCBuildConfiguration;
			buildSettings = {
				ALWAYS_SEARCH_USER_PATHS = NO;
				CLANG_ANALYZER_NONNULL = YES;
				CLANG_CXX_LANGUAGE_STANDARD = "gnu++0x";
				CLANG_CXX_LIBRARY = "libc++";
				CLANG_ENABLE_MODULES = YES;
				CLANG_ENABLE_OBJC_ARC = YES;
				CLANG_WARN_BOOL_CONVERSION = YES;
				CLANG_WARN_CONSTANT_CONVERSION = YES;
				CLANG_WARN_DIRECT_OBJC_ISA_USAGE = YES_ERROR;
				CLANG_WARN_DOCUMENTATION_COMMENTS = YES;
				CLANG_WARN_EMPTY_BODY = YES;
				CLANG_WARN_ENUM_CONVERSION = YES;
				CLANG_WARN_INFINITE_RECURSION = YES;
				CLANG_WARN_INT_CONVERSION = YES;
				CLANG_WARN_OBJC_ROOT_CLASS = YES_ERROR;
				CLANG_WARN_SUSPICIOUS_MOVE = YES;
				CLANG_WARN_UNREACHABLE_CODE = YES;
				CLANG_WARN__DUPLICATE_METHOD_MATCH = YES;
				"CODE_SIGN_IDENTITY[sdk=iphoneos*]" = "iPhone Developer";
				COPY_PHASE_STRIP = NO;
				DEBUG_INFORMATION_FORMAT = dwarf;
				ENABLE_STRICT_OBJC_MSGSEND = YES;
				ENABLE_TESTABILITY = YES;
				GCC_C_LANGUAGE_STANDARD = gnu99;
				GCC_DYNAMIC_NO_PIC = NO;
				GCC_NO_COMMON_BLOCKS = YES;
				GCC_OPTIMIZATION_LEVEL = 0;
				GCC_PREPROCESSOR_DEFINITIONS = (
					"DEBUG=1",
					"$(inherited)",
				);
				GCC_WARN_64_TO_32_BIT_CONVERSION = YES;
				GCC_WARN_ABOUT_RETURN_TYPE = YES_ERROR;
				GCC_WARN_UNDECLARED_SELECTOR = YES;
				GCC_WARN_UNINITIALIZED_AUTOS = YES_AGGRESSIVE;
				GCC_WARN_UNUSED_FUNCTION = YES;
				GCC_WARN_UNUSED_VARIABLE = YES;
				IPHONEOS_DEPLOYMENT_TARGET = 10.2;
				MTL_ENABLE_DEBUG_INFO = YES;
				ONLY_ACTIVE_ARCH = YES;
				SDKROOT = iphoneos;
				SWIFT_ACTIVE_COMPILATION_CONDITIONS = DEBUG;
				SWIFT_OPTIMIZATION_LEVEL = "-Onone";
			};
			name = Debug;
		};
		BC8C48AE1E3B2163005845A7 /* Release */ = {
			isa = XCBuildConfiguration;
			buildSettings = {
				ALWAYS_SEARCH_USER_PATHS = NO;
				CLANG_ANALYZER_NONNULL = YES;
				CLANG_CXX_LANGUAGE_STANDARD = "gnu++0x";
				CLANG_CXX_LIBRARY = "libc++";
				CLANG_ENABLE_MODULES = YES;
				CLANG_ENABLE_OBJC_ARC = YES;
				CLANG_WARN_BOOL_CONVERSION = YES;
				CLANG_WARN_CONSTANT_CONVERSION = YES;
				CLANG_WARN_DIRECT_OBJC_ISA_USAGE = YES_ERROR;
				CLANG_WARN_DOCUMENTATION_COMMENTS = YES;
				CLANG_WARN_EMPTY_BODY = YES;
				CLANG_WARN_ENUM_CONVERSION = YES;
				CLANG_WARN_INFINITE_RECURSION = YES;
				CLANG_WARN_INT_CONVERSION = YES;
				CLANG_WARN_OBJC_ROOT_CLASS = YES_ERROR;
				CLANG_WARN_SUSPICIOUS_MOVE = YES;
				CLANG_WARN_UNREACHABLE_CODE = YES;
				CLANG_WARN__DUPLICATE_METHOD_MATCH = YES;
				"CODE_SIGN_IDENTITY[sdk=iphoneos*]" = "iPhone Developer";
				COPY_PHASE_STRIP = NO;
				DEBUG_INFORMATION_FORMAT = "dwarf-with-dsym";
				ENABLE_NS_ASSERTIONS = NO;
				ENABLE_STRICT_OBJC_MSGSEND = YES;
				GCC_C_LANGUAGE_STANDARD = gnu99;
				GCC_NO_COMMON_BLOCKS = YES;
				GCC_WARN_64_TO_32_BIT_CONVERSION = YES;
				GCC_WARN_ABOUT_RETURN_TYPE = YES_ERROR;
				GCC_WARN_UNDECLARED_SELECTOR = YES;
				GCC_WARN_UNINITIALIZED_AUTOS = YES_AGGRESSIVE;
				GCC_WARN_UNUSED_FUNCTION = YES;
				GCC_WARN_UNUSED_VARIABLE = YES;
				IPHONEOS_DEPLOYMENT_TARGET = 10.2;
				MTL_ENABLE_DEBUG_INFO = NO;
				SDKROOT = iphoneos;
				SWIFT_OPTIMIZATION_LEVEL = "-Owholemodule";
				VALIDATE_PRODUCT = YES;
			};
			name = Release;
		};
		BC8C48B01E3B2163005845A7 /* Debug */ = {
			isa = XCBuildConfiguration;
			buildSettings = {
				ASSETCATALOG_COMPILER_APPICON_NAME = AppIcon;
				INFOPLIST_FILE = "ios-pinterest-ui-mvc/Info.plist";
				LD_RUNPATH_SEARCH_PATHS = "$(inherited) @executable_path/Frameworks";
				PRODUCT_BUNDLE_IDENTIFIER = "jp.st-ventures.ios-pinterest-ui-mvc";
				PRODUCT_NAME = "$(TARGET_NAME)";
				SWIFT_VERSION = 3.0;
			};
			name = Debug;
		};
		BC8C48B11E3B2163005845A7 /* Release */ = {
			isa = XCBuildConfiguration;
			buildSettings = {
				ASSETCATALOG_COMPILER_APPICON_NAME = AppIcon;
				INFOPLIST_FILE = "ios-pinterest-ui-mvc/Info.plist";
				LD_RUNPATH_SEARCH_PATHS = "$(inherited) @executable_path/Frameworks";
				PRODUCT_BUNDLE_IDENTIFIER = "jp.st-ventures.ios-pinterest-ui-mvc";
				PRODUCT_NAME = "$(TARGET_NAME)";
				SWIFT_VERSION = 3.0;
			};
			name = Release;
		};
		BC8C48B31E3B2163005845A7 /* Debug */ = {
			isa = XCBuildConfiguration;
			buildSettings = {
				ALWAYS_EMBED_SWIFT_STANDARD_LIBRARIES = YES;
				BUNDLE_LOADER = "$(TEST_HOST)";
				INFOPLIST_FILE = "ios-pinterest-ui-mvcTests/Info.plist";
				LD_RUNPATH_SEARCH_PATHS = "$(inherited) @executable_path/Frameworks @loader_path/Frameworks";
				PRODUCT_BUNDLE_IDENTIFIER = "jp.st-ventures.ios-pinterest-ui-mvcTests";
				PRODUCT_NAME = "$(TARGET_NAME)";
				SWIFT_VERSION = 3.0;
				TEST_HOST = "$(BUILT_PRODUCTS_DIR)/ios-pinterest-ui-mvc.app/ios-pinterest-ui-mvc";
			};
			name = Debug;
		};
		BC8C48B41E3B2163005845A7 /* Release */ = {
			isa = XCBuildConfiguration;
			buildSettings = {
				ALWAYS_EMBED_SWIFT_STANDARD_LIBRARIES = YES;
				BUNDLE_LOADER = "$(TEST_HOST)";
				INFOPLIST_FILE = "ios-pinterest-ui-mvcTests/Info.plist";
				LD_RUNPATH_SEARCH_PATHS = "$(inherited) @executable_path/Frameworks @loader_path/Frameworks";
				PRODUCT_BUNDLE_IDENTIFIER = "jp.st-ventures.ios-pinterest-ui-mvcTests";
				PRODUCT_NAME = "$(TARGET_NAME)";
				SWIFT_VERSION = 3.0;
				TEST_HOST = "$(BUILT_PRODUCTS_DIR)/ios-pinterest-ui-mvc.app/ios-pinterest-ui-mvc";
			};
			name = Release;
		};
		BC8C48B61E3B2163005845A7 /* Debug */ = {
			isa = XCBuildConfiguration;
			buildSettings = {
				ALWAYS_EMBED_SWIFT_STANDARD_LIBRARIES = YES;
				INFOPLIST_FILE = "ios-pinterest-ui-mvcUITests/Info.plist";
				LD_RUNPATH_SEARCH_PATHS = "$(inherited) @executable_path/Frameworks @loader_path/Frameworks";
				PRODUCT_BUNDLE_IDENTIFIER = "jp.st-ventures.ios-pinterest-ui-mvcUITests";
				PRODUCT_NAME = "$(TARGET_NAME)";
				SWIFT_VERSION = 3.0;
				TEST_TARGET_NAME = "ios-pinterest-ui-mvc";
			};
			name = Debug;
		};
		BC8C48B71E3B2163005845A7 /* Release */ = {
			isa = XCBuildConfiguration;
			buildSettings = {
				ALWAYS_EMBED_SWIFT_STANDARD_LIBRARIES = YES;
				INFOPLIST_FILE = "ios-pinterest-ui-mvcUITests/Info.plist";
				LD_RUNPATH_SEARCH_PATHS = "$(inherited) @executable_path/Frameworks @loader_path/Frameworks";
				PRODUCT_BUNDLE_IDENTIFIER = "jp.st-ventures.ios-pinterest-ui-mvcUITests";
				PRODUCT_NAME = "$(TARGET_NAME)";
				SWIFT_VERSION = 3.0;
				TEST_TARGET_NAME = "ios-pinterest-ui-mvc";
			};
			name = Release;
		};
/* End XCBuildConfiguration section */

/* Begin XCConfigurationList section */
		BC8C48821E3B2163005845A7 /* Build configuration list for PBXProject "ios-pinterest-ui-mvc" */ = {
			isa = XCConfigurationList;
			buildConfigurations = (
				BC8C48AD1E3B2163005845A7 /* Debug */,
				BC8C48AE1E3B2163005845A7 /* Release */,
			);
			defaultConfigurationIsVisible = 0;
			defaultConfigurationName = Release;
		};
		BC8C48AF1E3B2163005845A7 /* Build configuration list for PBXNativeTarget "ios-pinterest-ui-mvc" */ = {
			isa = XCConfigurationList;
			buildConfigurations = (
				BC8C48B01E3B2163005845A7 /* Debug */,
				BC8C48B11E3B2163005845A7 /* Release */,
			);
			defaultConfigurationIsVisible = 0;
			defaultConfigurationName = Release;
		};
		BC8C48B21E3B2163005845A7 /* Build configuration list for PBXNativeTarget "ios-pinterest-ui-mvcTests" */ = {
			isa = XCConfigurationList;
			buildConfigurations = (
				BC8C48B31E3B2163005845A7 /* Debug */,
				BC8C48B41E3B2163005845A7 /* Release */,
			);
			defaultConfigurationIsVisible = 0;
			defaultConfigurationName = Release;
		};
		BC8C48B51E3B2163005845A7 /* Build configuration list for PBXNativeTarget "ios-pinterest-ui-mvcUITests" */ = {
			isa = XCConfigurationList;
			buildConfigurations = (
				BC8C48B61E3B2163005845A7 /* Debug */,
				BC8C48B71E3B2163005845A7 /* Release */,
			);
			defaultConfigurationIsVisible = 0;
			defaultConfigurationName = Release;
		};
/* End XCConfigurationList section */
	};
	rootObject = BC8C487F1E3B2163005845A7 /* Project object */;
}
